# generated by rye
# use `rye lock` or `rye sync` to update this lockfile
#
# last locked with the following flags:
#   pre: false
#   features: []
#   all-features: false
#   with-sources: false
#   generate-hashes: false
#   universal: false

-e file:.
certifi==2025.11.12
    # via requests
charset-normalizer==3.4.4
    # via requests
ephem==4.2
    # via mountain-sunset
idna==3.11
    # via requests
pyyaml==6.0.3
    # via mountain-sunset
requests==2.32.5
    # via mountain-sunset
urllib3==2.5.0
    # via requests
